
Microsoft Visual Studio Solution File, Format Version 12.00
# Visual Studio Version 17
VisualStudioVersion = 17.10.35122.118
MinimumVisualStudioVersion = 10.0.40219.1
Project("{888888A0-9F3D-457C-B088-3A5042F75D52}") = "T2U5_zad1", "T2U5_zad1.pyproj", "{AF9257CC-3D1B-411F-91F0-8EBB70EEAFA0}"
EndProject
Global
	GlobalSection(SolutionConfigurationPlatforms) = preSolution
		Debug|Any CPU = Debug|Any CPU
		Release|Any CPU = Release|Any CPU
	EndGlobalSection
	GlobalSection(ProjectConfigurationPlatforms) = postSolution
		{AF9257CC-3D1B-411F-91F0-8EBB70EEAFA0}.Debug|Any CPU.ActiveCfg = Debug|Any CPU
		{AF9257CC-3D1B-411F-91F0-8EBB70EEAFA0}.Release|Any CPU.ActiveCfg = Release|Any CPU
	EndGlobalSection
	GlobalSection(SolutionProperties) = preSolution
		HideSolutionNode = FALSE
	EndGlobalSection
	GlobalSection(ExtensibilityGlobals) = postSolution
		SolutionGuid = {5CBAAC73-AFB5-463F-9406-DDBFFAEB4975}
	EndGlobalSection
EndGlobal
